
Microsoft Visual Studio Solution File, Format Version 12.00
# Visual Studio Version 17
VisualStudioVersion = 17.1.32414.318
MinimumVisualStudioVersion = 10.0.40219.1
Project("{FAE04EC0-301F-11D3-BF4B-00C04F79EFBC}") = "la-mia-pizzeria-static", "la-mia-pizzeria-static\la-mia-pizzeria-static.csproj", "{E0CEEAD5-58E0-492E-83D7-448BDBF0A886}"
EndProject
Global
	GlobalSection(SolutionConfigurationPlatforms) = preSolution
		Debug|Any CPU = Debug|Any CPU
		Release|Any CPU = Release|Any CPU
	EndGlobalSection
	GlobalSection(ProjectConfigurationPlatforms) = postSolution
		{E0CEEAD5-58E0-492E-83D7-448BDBF0A886}.Debug|Any CPU.ActiveCfg = Debug|Any CPU
		{E0CEEAD5-58E0-492E-83D7-448BDBF0A886}.Debug|Any CPU.Build.0 = Debug|Any CPU
		{E0CEEAD5-58E0-492E-83D7-448BDBF0A886}.Release|Any CPU.ActiveCfg = Release|Any CPU
		{E0CEEAD5-58E0-492E-83D7-448BDBF0A886}.Release|Any CPU.Build.0 = Release|Any CPU
	EndGlobalSection
	GlobalSection(SolutionProperties) = preSolution
		HideSolutionNode = FALSE
	EndGlobalSection
	GlobalSection(ExtensibilityGlobals) = postSolution
		SolutionGuid = {B6A01408-573D-4E05-99DD-C86D539AAF21}
	EndGlobalSection
EndGlobal
